
Microsoft Visual Studio Solution File, Format Version 12.00
# Visual Studio Version 17
VisualStudioVersion = 17.3.32819.101
MinimumVisualStudioVersion = 10.0.40219.1
Project("{FAE04EC0-301F-11D3-BF4B-00C04F79EFBC}") = "Transporte_Web_Service", "Transporte_Web_Service\Transporte_Web_Service.csproj", "{F375D287-45A4-4ABB-B986-F22DB585EEAB}"
EndProject
Global
	GlobalSection(SolutionConfigurationPlatforms) = preSolution
		Debug|Any CPU = Debug|Any CPU
		Release|Any CPU = Release|Any CPU
	EndGlobalSection
	GlobalSection(ProjectConfigurationPlatforms) = postSolution
		{F375D287-45A4-4ABB-B986-F22DB585EEAB}.Debug|Any CPU.ActiveCfg = Debug|Any CPU
		{F375D287-45A4-4ABB-B986-F22DB585EEAB}.Debug|Any CPU.Build.0 = Debug|Any CPU
		{F375D287-45A4-4ABB-B986-F22DB585EEAB}.Release|Any CPU.ActiveCfg = Release|Any CPU
		{F375D287-45A4-4ABB-B986-F22DB585EEAB}.Release|Any CPU.Build.0 = Release|Any CPU
	EndGlobalSection
	GlobalSection(SolutionProperties) = preSolution
		HideSolutionNode = FALSE
	EndGlobalSection
	GlobalSection(ExtensibilityGlobals) = postSolution
		SolutionGuid = {C9FBCA85-3DEF-4983-B8A3-9B30F77428CF}
	EndGlobalSection
EndGlobal
